
Microsoft Visual Studio Solution File, Format Version 12.00
# Visual Studio Version 17
VisualStudioVersion = 17.0.31912.275
MinimumVisualStudioVersion = 10.0.40219.1
Project("{9A19103F-16F7-4668-BE54-9A1E7A4F7556}") = "Common", "Common\Common.csproj", "{A5C9241D-4AB1-406C-97D5-4AD9F5204D75}"
EndProject
Project("{9A19103F-16F7-4668-BE54-9A1E7A4F7556}") = "Day1", "Day1\Day1.csproj", "{4307476F-EDEF-40ED-A15B-069EB14FC9F6}"
EndProject
Project("{9A19103F-16F7-4668-BE54-9A1E7A4F7556}") = "Day2", "Day2\Day2.csproj", "{A5D83B2E-F4FE-424F-8432-81C7FF57E524}"
EndProject
Project("{9A19103F-16F7-4668-BE54-9A1E7A4F7556}") = "Day3", "Day3\Day3.csproj", "{5727664B-B5B8-4002-82DF-89F07350353C}"
EndProject
Project("{9A19103F-16F7-4668-BE54-9A1E7A4F7556}") = "Day4", "Day4\Day4.csproj", "{BF8636D6-C0E1-47CA-8BE5-F8989EBC1D9A}"
EndProject
Project("{9A19103F-16F7-4668-BE54-9A1E7A4F7556}") = "Day5", "Day5\Day5.csproj", "{9C7AE651-323B-42FA-9F25-14DE9C479C11}"
EndProject
Project("{9A19103F-16F7-4668-BE54-9A1E7A4F7556}") = "Day7", "Day7\Day7.csproj", "{B97E616F-DFE6-4214-BE53-8AE86F5192C0}"
EndProject
Project("{9A19103F-16F7-4668-BE54-9A1E7A4F7556}") = "Day6", "Day6\Day6.csproj", "{717C0355-C1ED-4B44-8D32-ED98E9561D61}"
EndProject
Project("{9A19103F-16F7-4668-BE54-9A1E7A4F7556}") = "Day8", "Day8\Day8.csproj", "{5D124BC7-22A7-411D-A724-947B8684CCCC}"
EndProject
Project("{9A19103F-16F7-4668-BE54-9A1E7A4F7556}") = "Day9", "Day9\Day9.csproj", "{9CB02317-271E-46BA-874D-6F67FFBC45BF}"
EndProject
Project("{9A19103F-16F7-4668-BE54-9A1E7A4F7556}") = "Day10", "Day10\Day10.csproj", "{2F083B6B-8FAB-4F1C-A95E-53A3C6D7A2E1}"
EndProject
Project("{9A19103F-16F7-4668-BE54-9A1E7A4F7556}") = "Day11", "Day11\Day11.csproj", "{C868F5F9-0828-48B5-AC5D-83D993AF7D88}"
EndProject
Project("{9A19103F-16F7-4668-BE54-9A1E7A4F7556}") = "Day12", "Day12\Day12.csproj", "{9B3140D5-42EE-4E5B-B204-83D7B92C7916}"
EndProject
Project("{9A19103F-16F7-4668-BE54-9A1E7A4F7556}") = "Day13", "Day13\Day13.csproj", "{790AB62A-9ECD-41E1-A049-EA0759B50A0D}"
EndProject
Project("{FAE04EC0-301F-11D3-BF4B-00C04F79EFBC}") = "Day14", "Day14\Day14.csproj", "{F0519E0A-9030-4375-8F84-E7073A3351C0}"
EndProject
Global
	GlobalSection(SolutionConfigurationPlatforms) = preSolution
		Debug|Any CPU = Debug|Any CPU
		Release|Any CPU = Release|Any CPU
	EndGlobalSection
	GlobalSection(ProjectConfigurationPlatforms) = postSolution
		{A5C9241D-4AB1-406C-97D5-4AD9F5204D75}.Debug|Any CPU.ActiveCfg = Debug|Any CPU
		{A5C9241D-4AB1-406C-97D5-4AD9F5204D75}.Debug|Any CPU.Build.0 = Debug|Any CPU
		{A5C9241D-4AB1-406C-97D5-4AD9F5204D75}.Release|Any CPU.ActiveCfg = Release|Any CPU
		{A5C9241D-4AB1-406C-97D5-4AD9F5204D75}.Release|Any CPU.Build.0 = Release|Any CPU
		{4307476F-EDEF-40ED-A15B-069EB14FC9F6}.Debug|Any CPU.ActiveCfg = Debug|Any CPU
		{4307476F-EDEF-40ED-A15B-069EB14FC9F6}.Debug|Any CPU.Build.0 = Debug|Any CPU
		{4307476F-EDEF-40ED-A15B-069EB14FC9F6}.Release|Any CPU.ActiveCfg = Release|Any CPU
		{4307476F-EDEF-40ED-A15B-069EB14FC9F6}.Release|Any CPU.Build.0 = Release|Any CPU
		{A5D83B2E-F4FE-424F-8432-81C7FF57E524}.Debug|Any CPU.ActiveCfg = Debug|Any CPU
		{A5D83B2E-F4FE-424F-8432-81C7FF57E524}.Debug|Any CPU.Build.0 = Debug|Any CPU
		{A5D83B2E-F4FE-424F-8432-81C7FF57E524}.Release|Any CPU.ActiveCfg = Release|Any CPU
		{A5D83B2E-F4FE-424F-8432-81C7FF57E524}.Release|Any CPU.Build.0 = Release|Any CPU
		{5727664B-B5B8-4002-82DF-89F07350353C}.Debug|Any CPU.ActiveCfg = Debug|Any CPU
		{5727664B-B5B8-4002-82DF-89F07350353C}.Debug|Any CPU.Build.0 = Debug|Any CPU
		{5727664B-B5B8-4002-82DF-89F07350353C}.Release|Any CPU.ActiveCfg = Release|Any CPU
		{5727664B-B5B8-4002-82DF-89F07350353C}.Release|Any CPU.Build.0 = Release|Any CPU
		{BF8636D6-C0E1-47CA-8BE5-F8989EBC1D9A}.Debug|Any CPU.ActiveCfg = Debug|Any CPU
		{BF8636D6-C0E1-47CA-8BE5-F8989EBC1D9A}.Debug|Any CPU.Build.0 = Debug|Any CPU
		{BF8636D6-C0E1-47CA-8BE5-F8989EBC1D9A}.Release|Any CPU.ActiveCfg = Release|Any CPU
		{BF8636D6-C0E1-47CA-8BE5-F8989EBC1D9A}.Release|Any CPU.Build.0 = Release|Any CPU
		{9C7AE651-323B-42FA-9F25-14DE9C479C11}.Debug|Any CPU.ActiveCfg = Debug|Any CPU
		{9C7AE651-323B-42FA-9F25-14DE9C479C11}.Debug|Any CPU.Build.0 = Debug|Any CPU
		{9C7AE651-323B-42FA-9F25-14DE9C479C11}.Release|Any CPU.ActiveCfg = Release|Any CPU
		{9C7AE651-323B-42FA-9F25-14DE9C479C11}.Release|Any CPU.Build.0 = Release|Any CPU
		{B97E616F-DFE6-4214-BE53-8AE86F5192C0}.Debug|Any CPU.ActiveCfg = Debug|Any CPU
		{B97E616F-DFE6-4214-BE53-8AE86F5192C0}.Debug|Any CPU.Build.0 = Debug|Any CPU
		{B97E616F-DFE6-4214-BE53-8AE86F5192C0}.Release|Any CPU.ActiveCfg = Release|Any CPU
		{B97E616F-DFE6-4214-BE53-8AE86F5192C0}.Release|Any CPU.Build.0 = Release|Any CPU
		{717C0355-C1ED-4B44-8D32-ED98E9561D61}.Debug|Any CPU.ActiveCfg = Debug|Any CPU
		{717C0355-C1ED-4B44-8D32-ED98E9561D61}.Debug|Any CPU.Build.0 = Debug|Any CPU
		{717C0355-C1ED-4B44-8D32-ED98E9561D61}.Release|Any CPU.ActiveCfg = Release|Any CPU
		{717C0355-C1ED-4B44-8D32-ED98E9561D61}.Release|Any CPU.Build.0 = Release|Any CPU
		{5D124BC7-22A7-411D-A724-947B8684CCCC}.Debug|Any CPU.ActiveCfg = Debug|Any CPU
		{5D124BC7-22A7-411D-A724-947B8684CCCC}.Debug|Any CPU.Build.0 = Debug|Any CPU
		{5D124BC7-22A7-411D-A724-947B8684CCCC}.Release|Any CPU.ActiveCfg = Release|Any CPU
		{5D124BC7-22A7-411D-A724-947B8684CCCC}.Release|Any CPU.Build.0 = Release|Any CPU
		{9CB02317-271E-46BA-874D-6F67FFBC45BF}.Debug|Any CPU.ActiveCfg = Debug|Any CPU
		{9CB02317-271E-46BA-874D-6F67FFBC45BF}.Debug|Any CPU.Build.0 = Debug|Any CPU
		{9CB02317-271E-46BA-874D-6F67FFBC45BF}.Release|Any CPU.ActiveCfg = Release|Any CPU
		{9CB02317-271E-46BA-874D-6F67FFBC45BF}.Release|Any CPU.Build.0 = Release|Any CPU
		{2F083B6B-8FAB-4F1C-A95E-53A3C6D7A2E1}.Debug|Any CPU.ActiveCfg = Debug|Any CPU
		{2F083B6B-8FAB-4F1C-A95E-53A3C6D7A2E1}.Debug|Any CPU.Build.0 = Debug|Any CPU
		{2F083B6B-8FAB-4F1C-A95E-53A3C6D7A2E1}.Release|Any CPU.ActiveCfg = Release|Any CPU
		{2F083B6B-8FAB-4F1C-A95E-53A3C6D7A2E1}.Release|Any CPU.Build.0 = Release|Any CPU
		{C868F5F9-0828-48B5-AC5D-83D993AF7D88}.Debug|Any CPU.ActiveCfg = Debug|Any CPU
		{C868F5F9-0828-48B5-AC5D-83D993AF7D88}.Debug|Any CPU.Build.0 = Debug|Any CPU
		{C868F5F9-0828-48B5-AC5D-83D993AF7D88}.Release|Any CPU.ActiveCfg = Release|Any CPU
		{C868F5F9-0828-48B5-AC5D-83D993AF7D88}.Release|Any CPU.Build.0 = Release|Any CPU
		{9B3140D5-42EE-4E5B-B204-83D7B92C7916}.Debug|Any CPU.ActiveCfg = Debug|Any CPU
		{9B3140D5-42EE-4E5B-B204-83D7B92C7916}.Debug|Any CPU.Build.0 = Debug|Any CPU
		{9B3140D5-42EE-4E5B-B204-83D7B92C7916}.Release|Any CPU.ActiveCfg = Release|Any CPU
		{9B3140D5-42EE-4E5B-B204-83D7B92C7916}.Release|Any CPU.Build.0 = Release|Any CPU
		{790AB62A-9ECD-41E1-A049-EA0759B50A0D}.Debug|Any CPU.ActiveCfg = Debug|Any CPU
		{790AB62A-9ECD-41E1-A049-EA0759B50A0D}.Debug|Any CPU.Build.0 = Debug|Any CPU
		{790AB62A-9ECD-41E1-A049-EA0759B50A0D}.Release|Any CPU.ActiveCfg = Release|Any CPU
		{790AB62A-9ECD-41E1-A049-EA0759B50A0D}.Release|Any CPU.Build.0 = Release|Any CPU
		{F0519E0A-9030-4375-8F84-E7073A3351C0}.Debug|Any CPU.ActiveCfg = Debug|Any CPU
		{F0519E0A-9030-4375-8F84-E7073A3351C0}.Debug|Any CPU.Build.0 = Debug|Any CPU
		{F0519E0A-9030-4375-8F84-E7073A3351C0}.Release|Any CPU.ActiveCfg = Release|Any CPU
		{F0519E0A-9030-4375-8F84-E7073A3351C0}.Release|Any CPU.Build.0 = Release|Any CPU
	EndGlobalSection
	GlobalSection(SolutionProperties) = preSolution
		HideSolutionNode = FALSE
	EndGlobalSection
	GlobalSection(ExtensibilityGlobals) = postSolution
		SolutionGuid = {622F80F0-F309-436C-9C50-9FDD6E4F8BF5}
	EndGlobalSection
EndGlobal
