
Microsoft Visual Studio Solution File, Format Version 12.00
# Visual Studio Version 17
VisualStudioVersion = 17.0.31912.275
MinimumVisualStudioVersion = 10.0.40219.1
Project("{9A19103F-16F7-4668-BE54-9A1E7A4F7556}") = "AoC2021.Day1", "AoC2021.Day1.App\AoC2021.Day1.csproj", "{423AFBBD-DB26-4C4A-97D4-82DC15D6F5BF}"
EndProject
Project("{FAE04EC0-301F-11D3-BF4B-00C04F79EFBC}") = "AoC2021.Common", "AoC2021.Common\AoC2021.Common.csproj", "{0474DF26-D64E-4972-B48D-65FA85760C87}"
EndProject
Global
	GlobalSection(SolutionConfigurationPlatforms) = preSolution
		Debug|Any CPU = Debug|Any CPU
		Release|Any CPU = Release|Any CPU
	EndGlobalSection
	GlobalSection(ProjectConfigurationPlatforms) = postSolution
		{423AFBBD-DB26-4C4A-97D4-82DC15D6F5BF}.Debug|Any CPU.ActiveCfg = Debug|Any CPU
		{423AFBBD-DB26-4C4A-97D4-82DC15D6F5BF}.Debug|Any CPU.Build.0 = Debug|Any CPU
		{423AFBBD-DB26-4C4A-97D4-82DC15D6F5BF}.Release|Any CPU.ActiveCfg = Release|Any CPU
		{423AFBBD-DB26-4C4A-97D4-82DC15D6F5BF}.Release|Any CPU.Build.0 = Release|Any CPU
		{0474DF26-D64E-4972-B48D-65FA85760C87}.Debug|Any CPU.ActiveCfg = Debug|Any CPU
		{0474DF26-D64E-4972-B48D-65FA85760C87}.Debug|Any CPU.Build.0 = Debug|Any CPU
		{0474DF26-D64E-4972-B48D-65FA85760C87}.Release|Any CPU.ActiveCfg = Release|Any CPU
		{0474DF26-D64E-4972-B48D-65FA85760C87}.Release|Any CPU.Build.0 = Release|Any CPU
	EndGlobalSection
	GlobalSection(SolutionProperties) = preSolution
		HideSolutionNode = FALSE
	EndGlobalSection
	GlobalSection(ExtensibilityGlobals) = postSolution
		SolutionGuid = {622F80F0-F309-436C-9C50-9FDD6E4F8BF5}
	EndGlobalSection
EndGlobal
